
Microsoft Visual Studio Solution File, Format Version 12.00
# Visual Studio 15
VisualStudioVersion = 15.0.27428.2002
MinimumVisualStudioVersion = 10.0.40219.1
Project("{FAE04EC0-301F-11D3-BF4B-00C04F79EFBC}") = "QuickSort", "QuickSort\QuickSort.csproj", "{B0573DCA-2B8D-43C0-BF52-322195C051FA}"
EndProject
Project("{FAE04EC0-301F-11D3-BF4B-00C04F79EFBC}") = "SortTester", "SortTester\SortTester.csproj", "{48D92A1F-93E8-4EB8-B3DA-3907F3981236}"
EndProject
Global
	GlobalSection(SolutionConfigurationPlatforms) = preSolution
		Debug|Any CPU = Debug|Any CPU
		Release|Any CPU = Release|Any CPU
	EndGlobalSection
	GlobalSection(ProjectConfigurationPlatforms) = postSolution
		{B0573DCA-2B8D-43C0-BF52-322195C051FA}.Debug|Any CPU.ActiveCfg = Debug|Any CPU
		{B0573DCA-2B8D-43C0-BF52-322195C051FA}.Debug|Any CPU.Build.0 = Debug|Any CPU
		{B0573DCA-2B8D-43C0-BF52-322195C051FA}.Release|Any CPU.ActiveCfg = Release|Any CPU
		{B0573DCA-2B8D-43C0-BF52-322195C051FA}.Release|Any CPU.Build.0 = Release|Any CPU
		{48D92A1F-93E8-4EB8-B3DA-3907F3981236}.Debug|Any CPU.ActiveCfg = Debug|Any CPU
		{48D92A1F-93E8-4EB8-B3DA-3907F3981236}.Debug|Any CPU.Build.0 = Debug|Any CPU
		{48D92A1F-93E8-4EB8-B3DA-3907F3981236}.Release|Any CPU.ActiveCfg = Release|Any CPU
		{48D92A1F-93E8-4EB8-B3DA-3907F3981236}.Release|Any CPU.Build.0 = Release|Any CPU
	EndGlobalSection
	GlobalSection(SolutionProperties) = preSolution
		HideSolutionNode = FALSE
	EndGlobalSection
	GlobalSection(ExtensibilityGlobals) = postSolution
		SolutionGuid = {C390B7C1-0D19-467C-8038-DB59D1CEC8E6}
	EndGlobalSection
EndGlobal
